{
  "lockfileVersion": 1,
  "configVersion": 1,
  "workspaces": {
    "": {
      "name": "seed",
    },
    "packages/fleet/control": {
      "name": "@seed/fleet-control",
      "version": "0.6.0",
      "dependencies": {
        "hono": "^4.7.0",
      },
      "devDependencies": {
        "@types/bun": "latest",
      },
    },
    "packages/fleet/topology": {
      "name": "@seed/fleet-topology",
      "version": "0.1.0",
    },
    "packages/hosts": {
      "name": "@seed/hosts",
      "version": "0.1.0",
      "dependencies": {
        "typescript": "^5.7.0",
      },
    },
    "packages/inference/jury": {
      "name": "@seed/jury",
      "version": "0.2.0",
      "dependencies": {
        "@seed/inference-utils": "workspace:*",
        "@seed/sensitivity": "workspace:*",
      },
      "devDependencies": {
        "@types/bun": "latest",
      },
    },
    "packages/inference/queue": {
      "name": "@seed/queue",
      "version": "0.1.0",
      "dependencies": {
        "bonjour-service": "^1.3.0",
        "hono": "^4.7.0",
      },
      "devDependencies": {
        "@types/bun": "latest",
      },
    },
    "packages/inference/router": {
      "name": "@seed/router",
      "version": "1.3.0",
      "dependencies": {
        "@seed/inference-utils": "workspace:*",
        "@seed/jury": "workspace:*",
        "@seed/sensitivity": "workspace:*",
        "typescript": "^5.7.0",
      },
      "devDependencies": {
        "@types/bun": "latest",
      },
    },
    "packages/inference/sensitivity": {
      "name": "@seed/sensitivity",
      "version": "0.1.0",
      "devDependencies": {
        "@types/bun": "latest",
      },
    },
    "packages/inference/utils": {
      "name": "@seed/inference-utils",
      "version": "0.1.0",
      "devDependencies": {
        "@types/bun": "latest",
      },
    },
    "packages/memory": {
      "name": "@seed/memory",
      "version": "0.4.10",
      "dependencies": {
        "hono": "^4.7.0",
        "sqlite-vec": "^0.1.6",
      },
      "devDependencies": {
        "@types/bun": "latest",
      },
    },
    "packages/providers": {
      "name": "@seed/providers",
      "version": "0.2.0",
      "dependencies": {
        "typescript": "^5.7.0",
      },
      "devDependencies": {
        "@types/bun": "latest",
      },
    },
  },
  "packages": {
    "@leichtgewicht/ip-codec": ["@leichtgewicht/ip-codec@2.0.5", "", {}, "sha512-Vo+PSpZG2/fmgmiNzYK9qWRh8h/CHrwD0mo1h1DzL4yzHNSfWYujGTYsWGreD000gcgmZ7K4Ys6Tx9TxtsKdDw=="],

    "@seed/fleet-control": ["@seed/fleet-control@workspace:packages/fleet/control"],

    "@seed/fleet-topology": ["@seed/fleet-topology@workspace:packages/fleet/topology"],

    "@seed/hosts": ["@seed/hosts@workspace:packages/hosts"],

    "@seed/inference-utils": ["@seed/inference-utils@workspace:packages/inference/utils"],

    "@seed/jury": ["@seed/jury@workspace:packages/inference/jury"],

    "@seed/memory": ["@seed/memory@workspace:packages/memory"],

    "@seed/providers": ["@seed/providers@workspace:packages/providers"],

    "@seed/queue": ["@seed/queue@workspace:packages/inference/queue"],

    "@seed/router": ["@seed/router@workspace:packages/inference/router"],

    "@seed/sensitivity": ["@seed/sensitivity@workspace:packages/inference/sensitivity"],

    "@types/bun": ["@types/bun@1.3.11", "", { "dependencies": { "bun-types": "1.3.11" } }, "sha512-5vPne5QvtpjGpsGYXiFyycfpDF2ECyPcTSsFBMa0fraoxiQyMJ3SmuQIGhzPg2WJuWxVBoxWJ2kClYTcw/4fAg=="],

    "@types/node": ["@types/node@25.5.2", "", { "dependencies": { "undici-types": "~7.18.0" } }, "sha512-tO4ZIRKNC+MDWV4qKVZe3Ql/woTnmHDr5JD8UI5hn2pwBrHEwOEMZK7WlNb5RKB6EoJ02gwmQS9OrjuFnZYdpg=="],

    "bonjour-service": ["bonjour-service@1.3.0", "", { "dependencies": { "fast-deep-equal": "^3.1.3", "multicast-dns": "^7.2.5" } }, "sha512-3YuAUiSkWykd+2Azjgyxei8OWf8thdn8AITIog2M4UICzoqfjlqr64WIjEXZllf/W6vK1goqleSR6brGomxQqA=="],

    "bun-types": ["bun-types@1.3.11", "", { "dependencies": { "@types/node": "*" } }, "sha512-1KGPpoxQWl9f6wcZh57LvrPIInQMn2TQ7jsgxqpRzg+l0QPOFvJVH7HmvHo/AiPgwXy+/Thf6Ov3EdVn1vOabg=="],

    "dns-packet": ["dns-packet@5.6.1", "", { "dependencies": { "@leichtgewicht/ip-codec": "^2.0.1" } }, "sha512-l4gcSouhcgIKRvyy99RNVOgxXiicE+2jZoNmaNmZ6JXiGajBOJAesk1OBlJuM5k2c+eudGdLxDqXuPCKIj6kpw=="],

    "fast-deep-equal": ["fast-deep-equal@3.1.3", "", {}, "sha512-f3qQ9oQy9j2AhBe/H9VC91wLmKBCCU/gDOnKNAYG5hswO7BLKj09Hc5HYNz9cGI++xlpDCIgDaitVs03ATR84Q=="],

    "hono": ["hono@4.12.11", "", {}, "sha512-r4xbIa3mGGGoH9nN4A14DOg2wx7y2oQyJEb5O57C/xzETG/qx4c7CVDQ5WMeKHZ7ORk2W0hZ/sQKXTav3cmYBA=="],

    "multicast-dns": ["multicast-dns@7.2.5", "", { "dependencies": { "dns-packet": "^5.2.2", "thunky": "^1.0.2" }, "bin": { "multicast-dns": "cli.js" } }, "sha512-2eznPJP8z2BFLX50tf0LuODrpINqP1RVIm/CObbTcBRITQgmC/TjcREF1NeTBzIcR5XO/ukWo+YHOjBbFwIupg=="],

    "sqlite-vec": ["sqlite-vec@0.1.9", "", { "optionalDependencies": { "sqlite-vec-darwin-arm64": "0.1.9", "sqlite-vec-darwin-x64": "0.1.9", "sqlite-vec-linux-arm64": "0.1.9", "sqlite-vec-linux-x64": "0.1.9", "sqlite-vec-windows-x64": "0.1.9" } }, "sha512-L7XJWRIBNvR9O5+vh1FQ+IGkh/3D2AzVksW5gdtk28m78Hy8skFD0pqReKH1Yp0/BUKRGcffgKvyO/EON5JXpA=="],

    "sqlite-vec-darwin-arm64": ["sqlite-vec-darwin-arm64@0.1.9", "", { "os": "darwin", "cpu": "arm64" }, "sha512-jSsZpE42OfBkGL/ItyJTVCUwl6o6Ka3U5rc4j+UBDIQzC1ulSSKMEhQLthsOnF/MdAf1MuAkYhkdKmmcjaIZQg=="],

    "sqlite-vec-darwin-x64": ["sqlite-vec-darwin-x64@0.1.9", "", { "os": "darwin", "cpu": "x64" }, "sha512-KDlVyqQT7pnOhU1ymB9gs7dMbSoVmKHitT+k1/xkjarcX8bBqPxWrGlK/R+C5WmWkfvWwyq5FfXfiBYCBs6PlA=="],

    "sqlite-vec-linux-arm64": ["sqlite-vec-linux-arm64@0.1.9", "", { "os": "linux", "cpu": "arm64" }, "sha512-5wXVJ9c9kR4CHm/wVqXb/R+XUHTdpZ4nWbPHlS+gc9qQFVHs92Km4bPnCKX4rtcPMzvNis+SIzMJR1SCEwpuUw=="],

    "sqlite-vec-linux-x64": ["sqlite-vec-linux-x64@0.1.9", "", { "os": "linux", "cpu": "x64" }, "sha512-w3tCH8xK2finW8fQJ/m8uqKodXUZ9KAuAar2UIhz4BHILfpE0WM/MTGCRfa7RjYbrYim5Luk3guvMOGI7T7JQA=="],

    "sqlite-vec-windows-x64": ["sqlite-vec-windows-x64@0.1.9", "", { "os": "win32", "cpu": "x64" }, "sha512-y3gEIyy/17bq2QFPQOWLE68TYWcRZkBQVA2XLrTPHNTOp55xJi/BBBmOm40tVMDMjtP+Elpk6UBUXdaq+46b0Q=="],

    "thunky": ["thunky@1.1.0", "", {}, "sha512-eHY7nBftgThBqOyHGVN+l8gF0BucP09fMo0oO/Lb0w1OF80dJv+lDVpXG60WMQvkcxAkNybKsrEIE3ZtKGmPrA=="],

    "typescript": ["typescript@5.9.3", "", { "bin": { "tsc": "bin/tsc", "tsserver": "bin/tsserver" } }, "sha512-jl1vZzPDinLr9eUt3J/t7V6FgNEw9QjvBPdysz9KfQDD41fQrC2Y4vKQdiaUpFT4bXlb1RHhLpp8wtm6M5TgSw=="],

    "undici-types": ["undici-types@7.18.2", "", {}, "sha512-AsuCzffGHJybSaRrmr5eHr81mwJU3kjw6M+uprWvCXiNeN9SOGwQ3Jn8jb8m3Z6izVgknn1R0FTCEAP2QrLY/w=="],
  }
}
